
Microsoft Visual Studio Solution File, Format Version 12.00
# Visual Studio 2013
VisualStudioVersion = 12.0.21005.1
MinimumVisualStudioVersion = 10.0.40219.1
Project("{FAE04EC0-301F-11D3-BF4B-00C04F79EFBC}") = "MVCPopupUsers", "MVCPopupUsers\MVCPopupUsers.csproj", "{D06E109B-CBCE-4CBB-BC1B-83FEB59BD72D}"
EndProject
Global
	GlobalSection(SolutionConfigurationPlatforms) = preSolution
		Debug|Any CPU = Debug|Any CPU
		Release|Any CPU = Release|Any CPU
	EndGlobalSection
	GlobalSection(ProjectConfigurationPlatforms) = postSolution
		{D06E109B-CBCE-4CBB-BC1B-83FEB59BD72D}.Debug|Any CPU.ActiveCfg = Debug|Any CPU
		{D06E109B-CBCE-4CBB-BC1B-83FEB59BD72D}.Debug|Any CPU.Build.0 = Debug|Any CPU
		{D06E109B-CBCE-4CBB-BC1B-83FEB59BD72D}.Release|Any CPU.ActiveCfg = Release|Any CPU
		{D06E109B-CBCE-4CBB-BC1B-83FEB59BD72D}.Release|Any CPU.Build.0 = Release|Any CPU
	EndGlobalSection
	GlobalSection(SolutionProperties) = preSolution
		HideSolutionNode = FALSE
	EndGlobalSection
EndGlobal
